
Microsoft Visual Studio Solution File, Format Version 10.00
# Visual C++ Express 2008
Project("{8BC9CEB8-8B4A-11D0-8D11-00A0C91BC942}") = "repaso", "repaso\repaso.vcproj", "{DE4D25F8-94AE-4BCF-8B74-AC7651A0C05C}"
EndProject
Project("{8BC9CEB8-8B4A-11D0-8D11-00A0C91BC942}") = "repaso 2", "repaso 2\repaso 2.vcproj", "{9D7C9304-F893-46E4-ABA2-0239CD52468F}"
EndProject
Global
	GlobalSection(SolutionConfigurationPlatforms) = preSolution
		Debug|Win32 = Debug|Win32
		Release|Win32 = Release|Win32
	EndGlobalSection
	GlobalSection(ProjectConfigurationPlatforms) = postSolution
		{DE4D25F8-94AE-4BCF-8B74-AC7651A0C05C}.Debug|Win32.ActiveCfg = Debug|Win32
		{DE4D25F8-94AE-4BCF-8B74-AC7651A0C05C}.Debug|Win32.Build.0 = Debug|Win32
		{DE4D25F8-94AE-4BCF-8B74-AC7651A0C05C}.Release|Win32.ActiveCfg = Release|Win32
		{DE4D25F8-94AE-4BCF-8B74-AC7651A0C05C}.Release|Win32.Build.0 = Release|Win32
		{9D7C9304-F893-46E4-ABA2-0239CD52468F}.Debug|Win32.ActiveCfg = Debug|Win32
		{9D7C9304-F893-46E4-ABA2-0239CD52468F}.Debug|Win32.Build.0 = Debug|Win32
		{9D7C9304-F893-46E4-ABA2-0239CD52468F}.Release|Win32.ActiveCfg = Release|Win32
		{9D7C9304-F893-46E4-ABA2-0239CD52468F}.Release|Win32.Build.0 = Release|Win32
	EndGlobalSection
	GlobalSection(SolutionProperties) = preSolution
		HideSolutionNode = FALSE
	EndGlobalSection
EndGlobal
