
Microsoft Visual Studio Solution File, Format Version 10.00
# Visual C++ Express 2008
Project("{8BC9CEB8-8B4A-11D0-8D11-00A0C91BC942}") = "Proyecto1", "Proyecto1\Proyecto1.vcproj", "{974BE6CB-DCF6-47A9-AA74-85673A433435}"
EndProject
Global
	GlobalSection(SolutionConfigurationPlatforms) = preSolution
		Debug|Win32 = Debug|Win32
		Release|Win32 = Release|Win32
	EndGlobalSection
	GlobalSection(ProjectConfigurationPlatforms) = postSolution
		{974BE6CB-DCF6-47A9-AA74-85673A433435}.Debug|Win32.ActiveCfg = Debug|Win32
		{974BE6CB-DCF6-47A9-AA74-85673A433435}.Debug|Win32.Build.0 = Debug|Win32
		{974BE6CB-DCF6-47A9-AA74-85673A433435}.Release|Win32.ActiveCfg = Release|Win32
		{974BE6CB-DCF6-47A9-AA74-85673A433435}.Release|Win32.Build.0 = Release|Win32
	EndGlobalSection
	GlobalSection(SolutionProperties) = preSolution
		HideSolutionNode = FALSE
	EndGlobalSection
EndGlobal
